// !$*UTF8*$!
{
	archiveVersion = 1;
	classes = {
	};
	objectVersion = 46;
	objects = {

/* Begin PBXBuildFile section */
		3F0408B11A21252D00F76411 /* DataStore.m in Sources */ = {isa = PBXBuildFile; fileRef = 3F0408B01A21252D00F76411 /* DataStore.m */; };
		3F7D0A651A1EA42800D7BA01 /* main.m in Sources */ = {isa = PBXBuildFile; fileRef = 3F7D0A641A1EA42800D7BA01 /* main.m */; };
		3F7D0A681A1EA42800D7BA01 /* AppDelegate.m in Sources */ = {isa = PBXBuildFile; fileRef = 3F7D0A671A1EA42800D7BA01 /* AppDelegate.m */; };
		3F7D0A6B1A1EA42800D7BA01 /* MasterViewController.m in Sources */ = {isa = PBXBuildFile; fileRef = 3F7D0A6A1A1EA42800D7BA01 /* MasterViewController.m */; };
		3F7D0A6E1A1EA42800D7BA01 /* DetailViewController.m in Sources */ = {isa = PBXBuildFile; fileRef = 3F7D0A6D1A1EA42800D7BA01 /* DetailViewController.m */; };
		3F7D0A711A1EA42800D7BA01 /* Main.storyboard in Resources */ = {isa = PBXBuildFile; fileRef = 3F7D0A6F1A1EA42800D7BA01 /* Main.storyboard */; };
		3F7D0A731A1EA42800D7BA01 /* Images.xcassets in Resources */ = {isa = PBXBuildFile; fileRef = 3F7D0A721A1EA42800D7BA01 /* Images.xcassets */; };
		3F7D0A761A1EA42800D7BA01 /* LaunchScreen.xib in Resources */ = {isa = PBXBuildFile; fileRef = 3F7D0A741A1EA42800D7BA01 /* LaunchScreen.xib */; };
		3F7D0A821A1EA42800D7BA01 /* LegoHelperTests.m in Sources */ = {isa = PBXBuildFile; fileRef = 3F7D0A811A1EA42800D7BA01 /* LegoHelperTests.m */; };
		3F7D0A8F1A1EA6CE00D7BA01 /* Loader.m in Sources */ = {isa = PBXBuildFile; fileRef = 3F7D0A8E1A1EA6CE00D7BA01 /* Loader.m */; };
		3F99004F1A3D440C0045EE9E /* SectionHeaderCollectionReusableView.m in Sources */ = {isa = PBXBuildFile; fileRef = 3F99004E1A3D440C0045EE9E /* SectionHeaderCollectionReusableView.m */; };
		3FC36C1B1A3112D50060AC71 /* LoaderModal.m in Sources */ = {isa = PBXBuildFile; fileRef = 3FC36C1A1A3112D50060AC71 /* LoaderModal.m */; };
		3FF5A2B21A3E510B00200E0F /* LoaderModalTemplate.html in Resources */ = {isa = PBXBuildFile; fileRef = 3FF5A2B11A3E510B00200E0F /* LoaderModalTemplate.html */; };
		3FF5A2B31A3E54E300200E0F /* loader.gif in Resources */ = {isa = PBXBuildFile; fileRef = 3FF5A2B51A3E54E300200E0F /* loader.gif */; };
		3FF5A2B91A3E9A2B00200E0F /* InstructionsVC.m in Sources */ = {isa = PBXBuildFile; fileRef = 3FF5A2B81A3E9A2B00200E0F /* InstructionsVC.m */; };
		3FFC8F621A3CEF32003042E5 /* XMLConverter.m in Sources */ = {isa = PBXBuildFile; fileRef = 3FFC8F611A3CEF32003042E5 /* XMLConverter.m */; };
		3FFC8F651A3CFA72003042E5 /* SetsCollectionViewController.m in Sources */ = {isa = PBXBuildFile; fileRef = 3FFC8F641A3CFA72003042E5 /* SetsCollectionViewController.m */; };
		3FFC8F681A3D0099003042E5 /* SetsCollectionCellVC.m in Sources */ = {isa = PBXBuildFile; fileRef = 3FFC8F671A3D0099003042E5 /* SetsCollectionCellVC.m */; };
		3FFC8F6B1A3D03CC003042E5 /* SetsCellTemplate.html in Resources */ = {isa = PBXBuildFile; fileRef = 3FFC8F6A1A3D03CB003042E5 /* SetsCellTemplate.html */; };
/* End PBXBuildFile section */

/* Begin PBXContainerItemProxy section */
		3F7D0A7C1A1EA42800D7BA01 /* PBXContainerItemProxy */ = {
			isa = PBXContainerItemProxy;
			containerPortal = 3F7D0A571A1EA42800D7BA01 /* Project object */;
			proxyType = 1;
			remoteGlobalIDString = 3F7D0A5E1A1EA42800D7BA01;
			remoteInfo = LegoHelper;
		};
/* End PBXContainerItemProxy section */

/* Begin PBXFileReference section */
		3F0408AF1A21252D00F76411 /* DataStore.h */ = {isa = PBXFileReference; fileEncoding = 4; lastKnownFileType = sourcecode.c.h; path = DataStore.h; sourceTree = "<group>"; };
		3F0408B01A21252D00F76411 /* DataStore.m */ = {isa = PBXFileReference; fileEncoding = 4; lastKnownFileType = sourcecode.c.objc; path = DataStore.m; sourceTree = "<group>"; };
		3F7D0A5F1A1EA42800D7BA01 /* LegoHelper.app */ = {isa = PBXFileReference; explicitFileType = wrapper.application; includeInIndex = 0; path = LegoHelper.app; sourceTree = BUILT_PRODUCTS_DIR; };
		3F7D0A631A1EA42800D7BA01 /* Info.plist */ = {isa = PBXFileReference; lastKnownFileType = text.plist.xml; path = Info.plist; sourceTree = "<group>"; };
		3F7D0A641A1EA42800D7BA01 /* main.m */ = {isa = PBXFileReference; lastKnownFileType = sourcecode.c.objc; path = main.m; sourceTree = "<group>"; };
		3F7D0A661A1EA42800D7BA01 /* AppDelegate.h */ = {isa = PBXFileReference; lastKnownFileType = sourcecode.c.h; path = AppDelegate.h; sourceTree = "<group>"; };
		3F7D0A671A1EA42800D7BA01 /* AppDelegate.m */ = {isa = PBXFileReference; lastKnownFileType = sourcecode.c.objc; path = AppDelegate.m; sourceTree = "<group>"; };
		3F7D0A691A1EA42800D7BA01 /* MasterViewController.h */ = {isa = PBXFileReference; lastKnownFileType = sourcecode.c.h; path = MasterViewController.h; sourceTree = "<group>"; };
		3F7D0A6A1A1EA42800D7BA01 /* MasterViewController.m */ = {isa = PBXFileReference; lastKnownFileType = sourcecode.c.objc; path = MasterViewController.m; sourceTree = "<group>"; };
		3F7D0A6C1A1EA42800D7BA01 /* DetailViewController.h */ = {isa = PBXFileReference; lastKnownFileType = sourcecode.c.h; path = DetailViewController.h; sourceTree = "<group>"; };
		3F7D0A6D1A1EA42800D7BA01 /* DetailViewController.m */ = {isa = PBXFileReference; lastKnownFileType = sourcecode.c.objc; path = DetailViewController.m; sourceTree = "<group>"; };
		3F7D0A701A1EA42800D7BA01 /* Base */ = {isa = PBXFileReference; lastKnownFileType = file.storyboard; name = Base; path = Base.lproj/Main.storyboard; sourceTree = "<group>"; };
		3F7D0A721A1EA42800D7BA01 /* Images.xcassets */ = {isa = PBXFileReference; lastKnownFileType = folder.assetcatalog; path = Images.xcassets; sourceTree = "<group>"; };
		3F7D0A751A1EA42800D7BA01 /* Base */ = {isa = PBXFileReference; lastKnownFileType = file.xib; name = Base; path = Base.lproj/LaunchScreen.xib; sourceTree = "<group>"; };
		3F7D0A7B1A1EA42800D7BA01 /* LegoHelperTests.xctest */ = {isa = PBXFileReference; explicitFileType = wrapper.cfbundle; includeInIndex = 0; path = LegoHelperTests.xctest; sourceTree = BUILT_PRODUCTS_DIR; };
		3F7D0A801A1EA42800D7BA01 /* Info.plist */ = {isa = PBXFileReference; lastKnownFileType = text.plist.xml; path = Info.plist; sourceTree = "<group>"; };
		3F7D0A811A1EA42800D7BA01 /* LegoHelperTests.m */ = {isa = PBXFileReference; lastKnownFileType = sourcecode.c.objc; path = LegoHelperTests.m; sourceTree = "<group>"; };
		3F7D0A8D1A1EA6CE00D7BA01 /* Loader.h */ = {isa = PBXFileReference; fileEncoding = 4; lastKnownFileType = sourcecode.c.h; path = Loader.h; sourceTree = "<group>"; };
		3F7D0A8E1A1EA6CE00D7BA01 /* Loader.m */ = {isa = PBXFileReference; fileEncoding = 4; lastKnownFileType = sourcecode.c.objc; path = Loader.m; sourceTree = "<group>"; };
		3F99004D1A3D440C0045EE9E /* SectionHeaderCollectionReusableView.h */ = {isa = PBXFileReference; fileEncoding = 4; lastKnownFileType = sourcecode.c.h; path = SectionHeaderCollectionReusableView.h; sourceTree = "<group>"; };
		3F99004E1A3D440C0045EE9E /* SectionHeaderCollectionReusableView.m */ = {isa = PBXFileReference; fileEncoding = 4; lastKnownFileType = sourcecode.c.objc; path = SectionHeaderCollectionReusableView.m; sourceTree = "<group>"; };
		3FC36C191A3112D50060AC71 /* LoaderModal.h */ = {isa = PBXFileReference; fileEncoding = 4; lastKnownFileType = sourcecode.c.h; path = LoaderModal.h; sourceTree = "<group>"; };
		3FC36C1A1A3112D50060AC71 /* LoaderModal.m */ = {isa = PBXFileReference; fileEncoding = 4; lastKnownFileType = sourcecode.c.objc; path = LoaderModal.m; sourceTree = "<group>"; };
		3FF5A2B11A3E510B00200E0F /* LoaderModalTemplate.html */ = {isa = PBXFileReference; fileEncoding = 4; lastKnownFileType = text.html; path = LoaderModalTemplate.html; sourceTree = "<group>"; };
		3FF5A2B41A3E54E300200E0F /* Base */ = {isa = PBXFileReference; lastKnownFileType = image.gif; name = Base; path = Base.lproj/loader.gif; sourceTree = "<group>"; };
		3FF5A2B71A3E9A2B00200E0F /* InstructionsVC.h */ = {isa = PBXFileReference; fileEncoding = 4; lastKnownFileType = sourcecode.c.h; path = InstructionsVC.h; sourceTree = "<group>"; };
		3FF5A2B81A3E9A2B00200E0F /* InstructionsVC.m */ = {isa = PBXFileReference; fileEncoding = 4; lastKnownFileType = sourcecode.c.objc; path = InstructionsVC.m; sourceTree = "<group>"; };
		3FFC8F601A3CEF32003042E5 /* XMLConverter.h */ = {isa = PBXFileReference; fileEncoding = 4; lastKnownFileType = sourcecode.c.h; path = XMLConverter.h; sourceTree = "<group>"; };
		3FFC8F611A3CEF32003042E5 /* XMLConverter.m */ = {isa = PBXFileReference; fileEncoding = 4; lastKnownFileType = sourcecode.c.objc; path = XMLConverter.m; sourceTree = "<group>"; };
		3FFC8F631A3CFA72003042E5 /* SetsCollectionViewController.h */ = {isa = PBXFileReference; fileEncoding = 4; lastKnownFileType = sourcecode.c.h; path = SetsCollectionViewController.h; sourceTree = "<group>"; };
		3FFC8F641A3CFA72003042E5 /* SetsCollectionViewController.m */ = {isa = PBXFileReference; fileEncoding = 4; lastKnownFileType = sourcecode.c.objc; path = SetsCollectionViewController.m; sourceTree = "<group>"; };
		3FFC8F661A3D0099003042E5 /* SetsCollectionCellVC.h */ = {isa = PBXFileReference; fileEncoding = 4; lastKnownFileType = sourcecode.c.h; path = SetsCollectionCellVC.h; sourceTree = "<group>"; };
		3FFC8F671A3D0099003042E5 /* SetsCollectionCellVC.m */ = {isa = PBXFileReference; fileEncoding = 4; lastKnownFileType = sourcecode.c.objc; path = SetsCollectionCellVC.m; sourceTree = "<group>"; };
		3FFC8F6A1A3D03CB003042E5 /* SetsCellTemplate.html */ = {isa = PBXFileReference; fileEncoding = 4; lastKnownFileType = text.html; path = SetsCellTemplate.html; sourceTree = "<group>"; };
/* End PBXFileReference section */

/* Begin PBXFrameworksBuildPhase section */
		3F7D0A5C1A1EA42800D7BA01 /* Frameworks */ = {
			isa = PBXFrameworksBuildPhase;
			buildActionMask = 2147483647;
			files = (
			);
			runOnlyForDeploymentPostprocessing = 0;
		};
		3F7D0A781A1EA42800D7BA01 /* Frameworks */ = {
			isa = PBXFrameworksBuildPhase;
			buildActionMask = 2147483647;
			files = (
			);
			runOnlyForDeploymentPostprocessing = 0;
		};
/* End PBXFrameworksBuildPhase section */

/* Begin PBXGroup section */
		3F7D0A561A1EA42800D7BA01 = {
			isa = PBXGroup;
			children = (
				3F7D0A611A1EA42800D7BA01 /* LegoHelper */,
				3F7D0A7E1A1EA42800D7BA01 /* LegoHelperTests */,
				3F7D0A601A1EA42800D7BA01 /* Products */,
			);
			sourceTree = "<group>";
		};
		3F7D0A601A1EA42800D7BA01 /* Products */ = {
			isa = PBXGroup;
			children = (
				3F7D0A5F1A1EA42800D7BA01 /* LegoHelper.app */,
				3F7D0A7B1A1EA42800D7BA01 /* LegoHelperTests.xctest */,
			);
			name = Products;
			sourceTree = "<group>";
		};
		3F7D0A611A1EA42800D7BA01 /* LegoHelper */ = {
			isa = PBXGroup;
			children = (
				3FFC8F691A3D039C003042E5 /* Data */,
				3F8936571A2FC455006CC78B /* Images */,
				3F7D0A8C1A1EA6AF00D7BA01 /* Models */,
				3F7D0A8B1A1EA6A000D7BA01 /* VC */,
				3F7D0A661A1EA42800D7BA01 /* AppDelegate.h */,
				3F7D0A671A1EA42800D7BA01 /* AppDelegate.m */,
				3F7D0A6F1A1EA42800D7BA01 /* Main.storyboard */,
				3F7D0A721A1EA42800D7BA01 /* Images.xcassets */,
				3F7D0A741A1EA42800D7BA01 /* LaunchScreen.xib */,
				3F7D0A621A1EA42800D7BA01 /* Supporting Files */,
			);
			path = LegoHelper;
			sourceTree = "<group>";
		};
		3F7D0A621A1EA42800D7BA01 /* Supporting Files */ = {
			isa = PBXGroup;
			children = (
				3F7D0A631A1EA42800D7BA01 /* Info.plist */,
				3F7D0A641A1EA42800D7BA01 /* main.m */,
			);
			name = "Supporting Files";
			sourceTree = "<group>";
		};
		3F7D0A7E1A1EA42800D7BA01 /* LegoHelperTests */ = {
			isa = PBXGroup;
			children = (
				3F7D0A811A1EA42800D7BA01 /* LegoHelperTests.m */,
				3F7D0A7F1A1EA42800D7BA01 /* Supporting Files */,
			);
			path = LegoHelperTests;
			sourceTree = "<group>";
		};
		3F7D0A7F1A1EA42800D7BA01 /* Supporting Files */ = {
			isa = PBXGroup;
			children = (
				3F7D0A801A1EA42800D7BA01 /* Info.plist */,
			);
			name = "Supporting Files";
			sourceTree = "<group>";
		};
		3F7D0A8B1A1EA6A000D7BA01 /* VC */ = {
			isa = PBXGroup;
			children = (
				3F7D0A691A1EA42800D7BA01 /* MasterViewController.h */,
				3F7D0A6A1A1EA42800D7BA01 /* MasterViewController.m */,
				3F7D0A6C1A1EA42800D7BA01 /* DetailViewController.h */,
				3F7D0A6D1A1EA42800D7BA01 /* DetailViewController.m */,
				3FC36C191A3112D50060AC71 /* LoaderModal.h */,
				3FC36C1A1A3112D50060AC71 /* LoaderModal.m */,
				3FF5A2B61A3E7F8200200E0F /* Instructions */,
				3F9900501A3D46D10045EE9E /* SetsCollection */,
			);
			name = VC;
			sourceTree = "<group>";
		};
		3F7D0A8C1A1EA6AF00D7BA01 /* Models */ = {
			isa = PBXGroup;
			children = (
				3FFC8F601A3CEF32003042E5 /* XMLConverter.h */,
				3FFC8F611A3CEF32003042E5 /* XMLConverter.m */,
				3F7D0A8D1A1EA6CE00D7BA01 /* Loader.h */,
				3F7D0A8E1A1EA6CE00D7BA01 /* Loader.m */,
				3F0408AF1A21252D00F76411 /* DataStore.h */,
				3F0408B01A21252D00F76411 /* DataStore.m */,
			);
			name = Models;
			sourceTree = "<group>";
		};
		3F8936571A2FC455006CC78B /* Images */ = {
			isa = PBXGroup;
			children = (
				3FF5A2B51A3E54E300200E0F /* loader.gif */,
			);
			name = Images;
			sourceTree = "<group>";
		};
		3F9900501A3D46D10045EE9E /* SetsCollection */ = {
			isa = PBXGroup;
			children = (
				3FFC8F631A3CFA72003042E5 /* SetsCollectionViewController.h */,
				3FFC8F641A3CFA72003042E5 /* SetsCollectionViewController.m */,
				3FFC8F661A3D0099003042E5 /* SetsCollectionCellVC.h */,
				3FFC8F671A3D0099003042E5 /* SetsCollectionCellVC.m */,
				3F99004D1A3D440C0045EE9E /* SectionHeaderCollectionReusableView.h */,
				3F99004E1A3D440C0045EE9E /* SectionHeaderCollectionReusableView.m */,
			);
			name = SetsCollection;
			sourceTree = "<group>";
		};
		3FF5A2B61A3E7F8200200E0F /* Instructions */ = {
			isa = PBXGroup;
			children = (
				3FF5A2B71A3E9A2B00200E0F /* InstructionsVC.h */,
				3FF5A2B81A3E9A2B00200E0F /* InstructionsVC.m */,
			);
			name = Instructions;
			sourceTree = "<group>";
		};
		3FFC8F691A3D039C003042E5 /* Data */ = {
			isa = PBXGroup;
			children = (
				3FFC8F6A1A3D03CB003042E5 /* SetsCellTemplate.html */,
				3FF5A2B11A3E510B00200E0F /* LoaderModalTemplate.html */,
			);
			name = Data;
			sourceTree = "<group>";
		};
/* End PBXGroup section */

/* Begin PBXNativeTarget section */
		3F7D0A5E1A1EA42800D7BA01 /* LegoHelper */ = {
			isa = PBXNativeTarget;
			buildConfigurationList = 3F7D0A851A1EA42800D7BA01 /* Build configuration list for PBXNativeTarget "LegoHelper" */;
			buildPhases = (
				3F7D0A5B1A1EA42800D7BA01 /* Sources */,
				3F7D0A5C1A1EA42800D7BA01 /* Frameworks */,
				3F7D0A5D1A1EA42800D7BA01 /* Resources */,
			);
			buildRules = (
			);
			dependencies = (
			);
			name = LegoHelper;
			productName = LegoHelper;
			productReference = 3F7D0A5F1A1EA42800D7BA01 /* LegoHelper.app */;
			productType = "com.apple.product-type.application";
		};
		3F7D0A7A1A1EA42800D7BA01 /* LegoHelperTests */ = {
			isa = PBXNativeTarget;
			buildConfigurationList = 3F7D0A881A1EA42800D7BA01 /* Build configuration list for PBXNativeTarget "LegoHelperTests" */;
			buildPhases = (
				3F7D0A771A1EA42800D7BA01 /* Sources */,
				3F7D0A781A1EA42800D7BA01 /* Frameworks */,
				3F7D0A791A1EA42800D7BA01 /* Resources */,
			);
			buildRules = (
			);
			dependencies = (
				3F7D0A7D1A1EA42800D7BA01 /* PBXTargetDependency */,
			);
			name = LegoHelperTests;
			productName = LegoHelperTests;
			productReference = 3F7D0A7B1A1EA42800D7BA01 /* LegoHelperTests.xctest */;
			productType = "com.apple.product-type.bundle.unit-test";
		};
/* End PBXNativeTarget section */

/* Begin PBXProject section */
		3F7D0A571A1EA42800D7BA01 /* Project object */ = {
			isa = PBXProject;
			attributes = {
				LastUpgradeCheck = 0610;
				ORGANIZATIONNAME = "Nate Perry and Nate Kierpiec";
				TargetAttributes = {
					3F7D0A5E1A1EA42800D7BA01 = {
						CreatedOnToolsVersion = 6.1;
					};
					3F7D0A7A1A1EA42800D7BA01 = {
						CreatedOnToolsVersion = 6.1;
						TestTargetID = 3F7D0A5E1A1EA42800D7BA01;
					};
				};
			};
			buildConfigurationList = 3F7D0A5A1A1EA42800D7BA01 /* Build configuration list for PBXProject "LegoHelper" */;
			compatibilityVersion = "Xcode 3.2";
			developmentRegion = English;
			hasScannedForEncodings = 0;
			knownRegions = (
				en,
				Base,
			);
			mainGroup = 3F7D0A561A1EA42800D7BA01;
			productRefGroup = 3F7D0A601A1EA42800D7BA01 /* Products */;
			projectDirPath = "";
			projectRoot = "";
			targets = (
				3F7D0A5E1A1EA42800D7BA01 /* LegoHelper */,
				3F7D0A7A1A1EA42800D7BA01 /* LegoHelperTests */,
			);
		};
/* End PBXProject section */

/* Begin PBXResourcesBuildPhase section */
		3F7D0A5D1A1EA42800D7BA01 /* Resources */ = {
			isa = PBXResourcesBuildPhase;
			buildActionMask = 2147483647;
			files = (
				3F7D0A711A1EA42800D7BA01 /* Main.storyboard in Resources */,
				3FF5A2B31A3E54E300200E0F /* loader.gif in Resources */,
				3F7D0A761A1EA42800D7BA01 /* LaunchScreen.xib in Resources */,
				3F7D0A731A1EA42800D7BA01 /* Images.xcassets in Resources */,
				3FFC8F6B1A3D03CC003042E5 /* SetsCellTemplate.html in Resources */,
				3FF5A2B21A3E510B00200E0F /* LoaderModalTemplate.html in Resources */,
			);
			runOnlyForDeploymentPostprocessing = 0;
		};
		3F7D0A791A1EA42800D7BA01 /* Resources */ = {
			isa = PBXResourcesBuildPhase;
			buildActionMask = 2147483647;
			files = (
			);
			runOnlyForDeploymentPostprocessing = 0;
		};
/* End PBXResourcesBuildPhase section */

/* Begin PBXSourcesBuildPhase section */
		3F7D0A5B1A1EA42800D7BA01 /* Sources */ = {
			isa = PBXSourcesBuildPhase;
			buildActionMask = 2147483647;
			files = (
				3F7D0A681A1EA42800D7BA01 /* AppDelegate.m in Sources */,
				3F7D0A6B1A1EA42800D7BA01 /* MasterViewController.m in Sources */,
				3F7D0A651A1EA42800D7BA01 /* main.m in Sources */,
				3F7D0A6E1A1EA42800D7BA01 /* DetailViewController.m in Sources */,
				3FFC8F681A3D0099003042E5 /* SetsCollectionCellVC.m in Sources */,
				3FC36C1B1A3112D50060AC71 /* LoaderModal.m in Sources */,
				3FFC8F621A3CEF32003042E5 /* XMLConverter.m in Sources */,
				3FFC8F651A3CFA72003042E5 /* SetsCollectionViewController.m in Sources */,
				3F7D0A8F1A1EA6CE00D7BA01 /* Loader.m in Sources */,
				3FF5A2B91A3E9A2B00200E0F /* InstructionsVC.m in Sources */,
				3F99004F1A3D440C0045EE9E /* SectionHeaderCollectionReusableView.m in Sources */,
				3F0408B11A21252D00F76411 /* DataStore.m in Sources */,
			);
			runOnlyForDeploymentPostprocessing = 0;
		};
		3F7D0A771A1EA42800D7BA01 /* Sources */ = {
			isa = PBXSourcesBuildPhase;
			buildActionMask = 2147483647;
			files = (
				3F7D0A821A1EA42800D7BA01 /* LegoHelperTests.m in Sources */,
			);
			runOnlyForDeploymentPostprocessing = 0;
		};
/* End PBXSourcesBuildPhase section */

/* Begin PBXTargetDependency section */
		3F7D0A7D1A1EA42800D7BA01 /* PBXTargetDependency */ = {
			isa = PBXTargetDependency;
			target = 3F7D0A5E1A1EA42800D7BA01 /* LegoHelper */;
			targetProxy = 3F7D0A7C1A1EA42800D7BA01 /* PBXContainerItemProxy */;
		};
/* End PBXTargetDependency section */

/* Begin PBXVariantGroup section */
		3F7D0A6F1A1EA42800D7BA01 /* Main.storyboard */ = {
			isa = PBXVariantGroup;
			children = (
				3F7D0A701A1EA42800D7BA01 /* Base */,
			);
			name = Main.storyboard;
			sourceTree = "<group>";
		};
		3F7D0A741A1EA42800D7BA01 /* LaunchScreen.xib */ = {
			isa = PBXVariantGroup;
			children = (
				3F7D0A751A1EA42800D7BA01 /* Base */,
			);
			name = LaunchScreen.xib;
			sourceTree = "<group>";
		};
		3FF5A2B51A3E54E300200E0F /* loader.gif */ = {
			isa = PBXVariantGroup;
			children = (
				3FF5A2B41A3E54E300200E0F /* Base */,
			);
			name = loader.gif;
			sourceTree = "<group>";
		};
/* End PBXVariantGroup section */

/* Begin XCBuildConfiguration section */
		3F7D0A831A1EA42800D7BA01 /* Debug */ = {
			isa = XCBuildConfiguration;
			buildSettings = {
				ALWAYS_SEARCH_USER_PATHS = NO;
				CLANG_CXX_LANGUAGE_STANDARD = "gnu++0x";
				CLANG_CXX_LIBRARY = "libc++";
				CLANG_ENABLE_MODULES = YES;
				CLANG_ENABLE_OBJC_ARC = YES;
				CLANG_WARN_BOOL_CONVERSION = YES;
				CLANG_WARN_CONSTANT_CONVERSION = YES;
				CLANG_WARN_DIRECT_OBJC_ISA_USAGE = YES_ERROR;
				CLANG_WARN_EMPTY_BODY = YES;
				CLANG_WARN_ENUM_CONVERSION = YES;
				CLANG_WARN_INT_CONVERSION = YES;
				CLANG_WARN_OBJC_ROOT_CLASS = YES_ERROR;
				CLANG_WARN_UNREACHABLE_CODE = YES;
				CLANG_WARN__DUPLICATE_METHOD_MATCH = YES;
				"CODE_SIGN_IDENTITY[sdk=iphoneos*]" = "iPhone Developer";
				COPY_PHASE_STRIP = NO;
				ENABLE_STRICT_OBJC_MSGSEND = YES;
				GCC_C_LANGUAGE_STANDARD = gnu99;
				GCC_DYNAMIC_NO_PIC = NO;
				GCC_OPTIMIZATION_LEVEL = 0;
				GCC_PREPROCESSOR_DEFINITIONS = (
					"DEBUG=1",
					"$(inherited)",
				);
				GCC_SYMBOLS_PRIVATE_EXTERN = NO;
				GCC_WARN_64_TO_32_BIT_CONVERSION = YES;
				GCC_WARN_ABOUT_RETURN_TYPE = YES_ERROR;
				GCC_WARN_UNDECLARED_SELECTOR = YES;
				GCC_WARN_UNINITIALIZED_AUTOS = YES_AGGRESSIVE;
				GCC_WARN_UNUSED_FUNCTION = YES;
				GCC_WARN_UNUSED_VARIABLE = YES;
				IPHONEOS_DEPLOYMENT_TARGET = 8.1;
				MTL_ENABLE_DEBUG_INFO = YES;
				ONLY_ACTIVE_ARCH = YES;
				SDKROOT = iphoneos;
				TARGETED_DEVICE_FAMILY = "1,2";
			};
			name = Debug;
		};
		3F7D0A841A1EA42800D7BA01 /* Release */ = {
			isa = XCBuildConfiguration;
			buildSettings = {
				ALWAYS_SEARCH_USER_PATHS = NO;
				CLANG_CXX_LANGUAGE_STANDARD = "gnu++0x";
				CLANG_CXX_LIBRARY = "libc++";
				CLANG_ENABLE_MODULES = YES;
				CLANG_ENABLE_OBJC_ARC = YES;
				CLANG_WARN_BOOL_CONVERSION = YES;
				CLANG_WARN_CONSTANT_CONVERSION = YES;
				CLANG_WARN_DIRECT_OBJC_ISA_USAGE = YES_ERROR;
				CLANG_WARN_EMPTY_BODY = YES;
				CLANG_WARN_ENUM_CONVERSION = YES;
				CLANG_WARN_INT_CONVERSION = YES;
				CLANG_WARN_OBJC_ROOT_CLASS = YES_ERROR;
				CLANG_WARN_UNREACHABLE_CODE = YES;
				CLANG_WARN__DUPLICATE_METHOD_MATCH = YES;
				"CODE_SIGN_IDENTITY[sdk=iphoneos*]" = "iPhone Developer";
				COPY_PHASE_STRIP = YES;
				ENABLE_NS_ASSERTIONS = NO;
				ENABLE_STRICT_OBJC_MSGSEND = YES;
				GCC_C_LANGUAGE_STANDARD = gnu99;
				GCC_WARN_64_TO_32_BIT_CONVERSION = YES;
				GCC_WARN_ABOUT_RETURN_TYPE = YES_ERROR;
				GCC_WARN_UNDECLARED_SELECTOR = YES;
				GCC_WARN_UNINITIALIZED_AUTOS = YES_AGGRESSIVE;
				GCC_WARN_UNUSED_FUNCTION = YES;
				GCC_WARN_UNUSED_VARIABLE = YES;
				IPHONEOS_DEPLOYMENT_TARGET = 8.1;
				MTL_ENABLE_DEBUG_INFO = NO;
				SDKROOT = iphoneos;
				TARGETED_DEVICE_FAMILY = "1,2";
				VALIDATE_PRODUCT = YES;
			};
			name = Release;
		};
		3F7D0A861A1EA42800D7BA01 /* Debug */ = {
			isa = XCBuildConfiguration;
			buildSettings = {
				ASSETCATALOG_COMPILER_APPICON_NAME = AppIcon;
				INFOPLIST_FILE = LegoHelper/Info.plist;
				LD_RUNPATH_SEARCH_PATHS = "$(inherited) @executable_path/Frameworks";
				PRODUCT_NAME = "$(TARGET_NAME)";
			};
			name = Debug;
		};
		3F7D0A871A1EA42800D7BA01 /* Release */ = {
			isa = XCBuildConfiguration;
			buildSettings = {
				ASSETCATALOG_COMPILER_APPICON_NAME = AppIcon;
				INFOPLIST_FILE = LegoHelper/Info.plist;
				LD_RUNPATH_SEARCH_PATHS = "$(inherited) @executable_path/Frameworks";
				PRODUCT_NAME = "$(TARGET_NAME)";
			};
			name = Release;
		};
		3F7D0A891A1EA42800D7BA01 /* Debug */ = {
			isa = XCBuildConfiguration;
			buildSettings = {
				BUNDLE_LOADER = "$(TEST_HOST)";
				FRAMEWORK_SEARCH_PATHS = (
					"$(SDKROOT)/Developer/Library/Frameworks",
					"$(inherited)",
				);
				GCC_PREPROCESSOR_DEFINITIONS = (
					"DEBUG=1",
					"$(inherited)",
				);
				INFOPLIST_FILE = LegoHelperTests/Info.plist;
				LD_RUNPATH_SEARCH_PATHS = "$(inherited) @executable_path/Frameworks @loader_path/Frameworks";
				PRODUCT_NAME = "$(TARGET_NAME)";
				TEST_HOST = "$(BUILT_PRODUCTS_DIR)/LegoHelper.app/LegoHelper";
			};
			name = Debug;
		};
		3F7D0A8A1A1EA42800D7BA01 /* Release */ = {
			isa = XCBuildConfiguration;
			buildSettings = {
				BUNDLE_LOADER = "$(TEST_HOST)";
				FRAMEWORK_SEARCH_PATHS = (
					"$(SDKROOT)/Developer/Library/Frameworks",
					"$(inherited)",
				);
				INFOPLIST_FILE = LegoHelperTests/Info.plist;
				LD_RUNPATH_SEARCH_PATHS = "$(inherited) @executable_path/Frameworks @loader_path/Frameworks";
				PRODUCT_NAME = "$(TARGET_NAME)";
				TEST_HOST = "$(BUILT_PRODUCTS_DIR)/LegoHelper.app/LegoHelper";
			};
			name = Release;
		};
/* End XCBuildConfiguration section */

/* Begin XCConfigurationList section */
		3F7D0A5A1A1EA42800D7BA01 /* Build configuration list for PBXProject "LegoHelper" */ = {
			isa = XCConfigurationList;
			buildConfigurations = (
				3F7D0A831A1EA42800D7BA01 /* Debug */,
				3F7D0A841A1EA42800D7BA01 /* Release */,
			);
			defaultConfigurationIsVisible = 0;
			defaultConfigurationName = Release;
		};
		3F7D0A851A1EA42800D7BA01 /* Build configuration list for PBXNativeTarget "LegoHelper" */ = {
			isa = XCConfigurationList;
			buildConfigurations = (
				3F7D0A861A1EA42800D7BA01 /* Debug */,
				3F7D0A871A1EA42800D7BA01 /* Release */,
			);
			defaultConfigurationIsVisible = 0;
			defaultConfigurationName = Release;
		};
		3F7D0A881A1EA42800D7BA01 /* Build configuration list for PBXNativeTarget "LegoHelperTests" */ = {
			isa = XCConfigurationList;
			buildConfigurations = (
				3F7D0A891A1EA42800D7BA01 /* Debug */,
				3F7D0A8A1A1EA42800D7BA01 /* Release */,
			);
			defaultConfigurationIsVisible = 0;
			defaultConfigurationName = Release;
		};
/* End XCConfigurationList section */
	};
	rootObject = 3F7D0A571A1EA42800D7BA01 /* Project object */;
}
